
Microsoft Visual Studio Solution File, Format Version 12.00
# Visual Studio 15
VisualStudioVersion = 15.0.27428.2015
MinimumVisualStudioVersion = 10.0.40219.1
Project("{2150E333-8FDC-42A3-9474-1A3956D46DE8}") = "solution-items", "solution-items", "{4D3F4040-C120-4E46-A9EB-40792A12A8B9}"
EndProject
Project("{2150E333-8FDC-42A3-9474-1A3956D46DE8}") = "src", "src", "{A97C81A3-82DC-4954-BDEF-BC2C16ABC263}"
EndProject
Project("{2150E333-8FDC-42A3-9474-1A3956D46DE8}") = "test", "test", "{EAC82517-AD97-4445-AA75-B2531D829DDC}"
EndProject
Project("{FAE04EC0-301F-11D3-BF4B-00C04F79EFBC}") = "common", "src\common\common.csproj", "{7B8B6F16-CA3A-4D72-A837-746D79135092}"
EndProject
Project("{FAE04EC0-301F-11D3-BF4B-00C04F79EFBC}") = "common.test", "test\common.test\common.test.csproj", "{682C8272-D19B-434D-B158-5E8531D008C7}"
EndProject
Global
	GlobalSection(SolutionConfigurationPlatforms) = preSolution
		Debug|Any CPU = Debug|Any CPU
		Release|Any CPU = Release|Any CPU
	EndGlobalSection
	GlobalSection(ProjectConfigurationPlatforms) = postSolution
		{7B8B6F16-CA3A-4D72-A837-746D79135092}.Debug|Any CPU.ActiveCfg = Debug|Any CPU
		{7B8B6F16-CA3A-4D72-A837-746D79135092}.Debug|Any CPU.Build.0 = Debug|Any CPU
		{7B8B6F16-CA3A-4D72-A837-746D79135092}.Release|Any CPU.ActiveCfg = Release|Any CPU
		{7B8B6F16-CA3A-4D72-A837-746D79135092}.Release|Any CPU.Build.0 = Release|Any CPU
		{682C8272-D19B-434D-B158-5E8531D008C7}.Debug|Any CPU.ActiveCfg = Debug|Any CPU
		{682C8272-D19B-434D-B158-5E8531D008C7}.Debug|Any CPU.Build.0 = Debug|Any CPU
		{682C8272-D19B-434D-B158-5E8531D008C7}.Release|Any CPU.ActiveCfg = Release|Any CPU
		{682C8272-D19B-434D-B158-5E8531D008C7}.Release|Any CPU.Build.0 = Release|Any CPU
	EndGlobalSection
	GlobalSection(SolutionProperties) = preSolution
		HideSolutionNode = FALSE
	EndGlobalSection
	GlobalSection(NestedProjects) = preSolution
		{7B8B6F16-CA3A-4D72-A837-746D79135092} = {A97C81A3-82DC-4954-BDEF-BC2C16ABC263}
		{682C8272-D19B-434D-B158-5E8531D008C7} = {EAC82517-AD97-4445-AA75-B2531D829DDC}
	EndGlobalSection
	GlobalSection(ExtensibilityGlobals) = postSolution
		SolutionGuid = {C86A7CFF-02A8-4132-969F-24284E70916F}
	EndGlobalSection
EndGlobal
